
Microsoft Visual Studio Solution File, Format Version 12.00
# Visual Studio Version 17
VisualStudioVersion = 17.9.34728.123
MinimumVisualStudioVersion = 10.0.40219.1
Project("{FAE04EC0-301F-11D3-BF4B-00C04F79EFBC}") = "semana05_web", "semana05_web\semana05_web.csproj", "{7D81EBDC-A832-427F-812E-CE96F3C8D7C2}"
EndProject
Global
	GlobalSection(SolutionConfigurationPlatforms) = preSolution
		Debug|Any CPU = Debug|Any CPU
		Release|Any CPU = Release|Any CPU
	EndGlobalSection
	GlobalSection(ProjectConfigurationPlatforms) = postSolution
		{7D81EBDC-A832-427F-812E-CE96F3C8D7C2}.Debug|Any CPU.ActiveCfg = Debug|Any CPU
		{7D81EBDC-A832-427F-812E-CE96F3C8D7C2}.Debug|Any CPU.Build.0 = Debug|Any CPU
		{7D81EBDC-A832-427F-812E-CE96F3C8D7C2}.Release|Any CPU.ActiveCfg = Release|Any CPU
		{7D81EBDC-A832-427F-812E-CE96F3C8D7C2}.Release|Any CPU.Build.0 = Release|Any CPU
	EndGlobalSection
	GlobalSection(SolutionProperties) = preSolution
		HideSolutionNode = FALSE
	EndGlobalSection
	GlobalSection(ExtensibilityGlobals) = postSolution
		SolutionGuid = {4325DFFC-F570-4A75-858B-5921649EDD61}
	EndGlobalSection
EndGlobal
